# This file is automatically @generated by Cargo.
# It is not intended for manual editing.
version = 4

[[package]]
name = "husky-rs"
version = "0.1.5"
source = "registry+https://github.com/rust-lang/crates.io-index"
checksum = "8595e3e777338ccc8360c4eb89924f8d7e55a5ff831d057e1c65892c220da28f"

[[package]]
name = "tv"
version = "0.1.0"
dependencies = [
 "husky-rs",
]
